
Microsoft Visual Studio Solution File, Format Version 12.00
# Visual Studio 2012
Project("{FAE04EC0-301F-11D3-BF4B-00C04F79EFBC}") = "FlowComponent", "FlowComponent\FlowComponent.csproj", "{F26592D5-D0C2-4A3B-A520-CC1A2B817AEE}"
EndProject
Project("{FAE04EC0-301F-11D3-BF4B-00C04F79EFBC}") = "KinectExplorer", "KinectExplorer\KinectExplorer.csproj", "{26D0B7C9-02A1-45FE-957D-08A369D7A683}"
EndProject
Project("{FAE04EC0-301F-11D3-BF4B-00C04F79EFBC}") = "Fizbin.Kinect.Gestures", "Fizbin.Kinect.Gestures\Fizbin.Kinect.Gestures.csproj", "{7471719C-9BD5-42BA-B42B-BB5663EEBBC3}"
EndProject
Project("{FAE04EC0-301F-11D3-BF4B-00C04F79EFBC}") = "DoubanFM.Bass", "DoubanFM.Bass\DoubanFM.Bass.csproj", "{62324CFD-03FF-44B4-9204-66BAE86972B6}"
EndProject
Project("{FAE04EC0-301F-11D3-BF4B-00C04F79EFBC}") = "ID3", "ID3Class\ID3.csproj", "{5D66099A-A8C5-47AB-B230-C9B60DFC1B40}"
EndProject
Project("{2150E333-8FDC-42A3-9474-1A3956D46DE8}") = "Solution Items", "Solution Items", "{DF6DA0C4-3D6A-4A3F-85A9-7CCFAD015A29}"
	ProjectSection(SolutionItems) = preProject
		ReadMe.txt = ReadMe.txt
	EndProjectSection
EndProject
Project("{FAE04EC0-301F-11D3-BF4B-00C04F79EFBC}") = "LeapHelper", "LeapHelper\LeapHelper.csproj", "{862ED364-E5FB-4BE7-8E8F-BFE9D12DF13C}"
EndProject
Global
	GlobalSection(SolutionConfigurationPlatforms) = preSolution
		Debug|Any CPU = Debug|Any CPU
		Debug|Mixed Platforms = Debug|Mixed Platforms
		Debug|x86 = Debug|x86
		Release|Any CPU = Release|Any CPU
		Release|Mixed Platforms = Release|Mixed Platforms
		Release|x86 = Release|x86
	EndGlobalSection
	GlobalSection(ProjectConfigurationPlatforms) = postSolution
		{F26592D5-D0C2-4A3B-A520-CC1A2B817AEE}.Debug|Any CPU.ActiveCfg = Debug|Any CPU
		{F26592D5-D0C2-4A3B-A520-CC1A2B817AEE}.Debug|Any CPU.Build.0 = Debug|Any CPU
		{F26592D5-D0C2-4A3B-A520-CC1A2B817AEE}.Debug|Mixed Platforms.ActiveCfg = Debug|Any CPU
		{F26592D5-D0C2-4A3B-A520-CC1A2B817AEE}.Debug|Mixed Platforms.Build.0 = Debug|Any CPU
		{F26592D5-D0C2-4A3B-A520-CC1A2B817AEE}.Debug|x86.ActiveCfg = Debug|Any CPU
		{F26592D5-D0C2-4A3B-A520-CC1A2B817AEE}.Release|Any CPU.ActiveCfg = Release|Any CPU
		{F26592D5-D0C2-4A3B-A520-CC1A2B817AEE}.Release|Any CPU.Build.0 = Release|Any CPU
		{F26592D5-D0C2-4A3B-A520-CC1A2B817AEE}.Release|Mixed Platforms.ActiveCfg = Release|Any CPU
		{F26592D5-D0C2-4A3B-A520-CC1A2B817AEE}.Release|Mixed Platforms.Build.0 = Release|Any CPU
		{F26592D5-D0C2-4A3B-A520-CC1A2B817AEE}.Release|x86.ActiveCfg = Release|Any CPU
		{26D0B7C9-02A1-45FE-957D-08A369D7A683}.Debug|Any CPU.ActiveCfg = Debug|Any CPU
		{26D0B7C9-02A1-45FE-957D-08A369D7A683}.Debug|Any CPU.Build.0 = Debug|Any CPU
		{26D0B7C9-02A1-45FE-957D-08A369D7A683}.Debug|Mixed Platforms.ActiveCfg = Debug|Any CPU
		{26D0B7C9-02A1-45FE-957D-08A369D7A683}.Debug|Mixed Platforms.Build.0 = Debug|Any CPU
		{26D0B7C9-02A1-45FE-957D-08A369D7A683}.Debug|x86.ActiveCfg = Debug|Any CPU
		{26D0B7C9-02A1-45FE-957D-08A369D7A683}.Release|Any CPU.ActiveCfg = Release|Any CPU
		{26D0B7C9-02A1-45FE-957D-08A369D7A683}.Release|Any CPU.Build.0 = Release|Any CPU
		{26D0B7C9-02A1-45FE-957D-08A369D7A683}.Release|Mixed Platforms.ActiveCfg = Release|Any CPU
		{26D0B7C9-02A1-45FE-957D-08A369D7A683}.Release|Mixed Platforms.Build.0 = Release|Any CPU
		{26D0B7C9-02A1-45FE-957D-08A369D7A683}.Release|x86.ActiveCfg = Release|Any CPU
		{7471719C-9BD5-42BA-B42B-BB5663EEBBC3}.Debug|Any CPU.ActiveCfg = Debug|Any CPU
		{7471719C-9BD5-42BA-B42B-BB5663EEBBC3}.Debug|Any CPU.Build.0 = Debug|Any CPU
		{7471719C-9BD5-42BA-B42B-BB5663EEBBC3}.Debug|Mixed Platforms.ActiveCfg = Debug|Any CPU
		{7471719C-9BD5-42BA-B42B-BB5663EEBBC3}.Debug|Mixed Platforms.Build.0 = Debug|Any CPU
		{7471719C-9BD5-42BA-B42B-BB5663EEBBC3}.Debug|x86.ActiveCfg = Debug|Any CPU
		{7471719C-9BD5-42BA-B42B-BB5663EEBBC3}.Release|Any CPU.ActiveCfg = Release|Any CPU
		{7471719C-9BD5-42BA-B42B-BB5663EEBBC3}.Release|Any CPU.Build.0 = Release|Any CPU
		{7471719C-9BD5-42BA-B42B-BB5663EEBBC3}.Release|Mixed Platforms.ActiveCfg = Release|Any CPU
		{7471719C-9BD5-42BA-B42B-BB5663EEBBC3}.Release|Mixed Platforms.Build.0 = Release|Any CPU
		{7471719C-9BD5-42BA-B42B-BB5663EEBBC3}.Release|x86.ActiveCfg = Release|Any CPU
		{62324CFD-03FF-44B4-9204-66BAE86972B6}.Debug|Any CPU.ActiveCfg = Debug|Any CPU
		{62324CFD-03FF-44B4-9204-66BAE86972B6}.Debug|Any CPU.Build.0 = Debug|Any CPU
		{62324CFD-03FF-44B4-9204-66BAE86972B6}.Debug|Mixed Platforms.ActiveCfg = Debug|Any CPU
		{62324CFD-03FF-44B4-9204-66BAE86972B6}.Debug|Mixed Platforms.Build.0 = Debug|Any CPU
		{62324CFD-03FF-44B4-9204-66BAE86972B6}.Debug|x86.ActiveCfg = Debug|Any CPU
		{62324CFD-03FF-44B4-9204-66BAE86972B6}.Release|Any CPU.ActiveCfg = Release|Any CPU
		{62324CFD-03FF-44B4-9204-66BAE86972B6}.Release|Any CPU.Build.0 = Release|Any CPU
		{62324CFD-03FF-44B4-9204-66BAE86972B6}.Release|Mixed Platforms.ActiveCfg = Release|Any CPU
		{62324CFD-03FF-44B4-9204-66BAE86972B6}.Release|Mixed Platforms.Build.0 = Release|Any CPU
		{62324CFD-03FF-44B4-9204-66BAE86972B6}.Release|x86.ActiveCfg = Release|Any CPU
		{5D66099A-A8C5-47AB-B230-C9B60DFC1B40}.Debug|Any CPU.ActiveCfg = Debug|Any CPU
		{5D66099A-A8C5-47AB-B230-C9B60DFC1B40}.Debug|Any CPU.Build.0 = Debug|Any CPU
		{5D66099A-A8C5-47AB-B230-C9B60DFC1B40}.Debug|Mixed Platforms.ActiveCfg = Debug|Any CPU
		{5D66099A-A8C5-47AB-B230-C9B60DFC1B40}.Debug|Mixed Platforms.Build.0 = Debug|Any CPU
		{5D66099A-A8C5-47AB-B230-C9B60DFC1B40}.Debug|x86.ActiveCfg = Debug|Any CPU
		{5D66099A-A8C5-47AB-B230-C9B60DFC1B40}.Release|Any CPU.ActiveCfg = Release|Any CPU
		{5D66099A-A8C5-47AB-B230-C9B60DFC1B40}.Release|Any CPU.Build.0 = Release|Any CPU
		{5D66099A-A8C5-47AB-B230-C9B60DFC1B40}.Release|Mixed Platforms.ActiveCfg = Release|Any CPU
		{5D66099A-A8C5-47AB-B230-C9B60DFC1B40}.Release|Mixed Platforms.Build.0 = Release|Any CPU
		{5D66099A-A8C5-47AB-B230-C9B60DFC1B40}.Release|x86.ActiveCfg = Release|Any CPU
		{862ED364-E5FB-4BE7-8E8F-BFE9D12DF13C}.Debug|Any CPU.ActiveCfg = Debug|Any CPU
		{862ED364-E5FB-4BE7-8E8F-BFE9D12DF13C}.Debug|Any CPU.Build.0 = Debug|Any CPU
		{862ED364-E5FB-4BE7-8E8F-BFE9D12DF13C}.Debug|Mixed Platforms.ActiveCfg = Debug|Any CPU
		{862ED364-E5FB-4BE7-8E8F-BFE9D12DF13C}.Debug|Mixed Platforms.Build.0 = Debug|Any CPU
		{862ED364-E5FB-4BE7-8E8F-BFE9D12DF13C}.Debug|x86.ActiveCfg = Debug|Any CPU
		{862ED364-E5FB-4BE7-8E8F-BFE9D12DF13C}.Release|Any CPU.ActiveCfg = Release|Any CPU
		{862ED364-E5FB-4BE7-8E8F-BFE9D12DF13C}.Release|Any CPU.Build.0 = Release|Any CPU
		{862ED364-E5FB-4BE7-8E8F-BFE9D12DF13C}.Release|Mixed Platforms.ActiveCfg = Release|Any CPU
		{862ED364-E5FB-4BE7-8E8F-BFE9D12DF13C}.Release|Mixed Platforms.Build.0 = Release|Any CPU
		{862ED364-E5FB-4BE7-8E8F-BFE9D12DF13C}.Release|x86.ActiveCfg = Release|Any CPU
	EndGlobalSection
	GlobalSection(SolutionProperties) = preSolution
		HideSolutionNode = FALSE
	EndGlobalSection
	GlobalSection(Performance) = preSolution
		HasPerformanceSessions = true
	EndGlobalSection
EndGlobal
